// !$*UTF8*$!
{
	archiveVersion = 1;
	classes = {
	};
	objectVersion = 50;
	objects = {

/* Begin PBXBuildFile section */
		FA45E47920DB6947002A9EE3 /* RoundButton.swift in Sources */ = {isa = PBXBuildFile; fileRef = FA45E47820DB6947002A9EE3 /* RoundButton.swift */; };
		FADC9D0A20D0DCF800988A1E /* AppDelegate.swift in Sources */ = {isa = PBXBuildFile; fileRef = FADC9D0920D0DCF800988A1E /* AppDelegate.swift */; };
		FADC9D0C20D0DCF800988A1E /* ViewController.swift in Sources */ = {isa = PBXBuildFile; fileRef = FADC9D0B20D0DCF800988A1E /* ViewController.swift */; };
		FADC9D0F20D0DCF800988A1E /* Main.storyboard in Resources */ = {isa = PBXBuildFile; fileRef = FADC9D0D20D0DCF800988A1E /* Main.storyboard */; };
		FADC9D1120D0DCFA00988A1E /* Assets.xcassets in Resources */ = {isa = PBXBuildFile; fileRef = FADC9D1020D0DCFA00988A1E /* Assets.xcassets */; };
		FADC9D1420D0DCFA00988A1E /* LaunchScreen.storyboard in Resources */ = {isa = PBXBuildFile; fileRef = FADC9D1220D0DCFA00988A1E /* LaunchScreen.storyboard */; };
/* End PBXBuildFile section */

/* Begin PBXFileReference section */
		FA45E47820DB6947002A9EE3 /* RoundButton.swift */ = {isa = PBXFileReference; lastKnownFileType = sourcecode.swift; path = RoundButton.swift; sourceTree = "<group>"; };
		FADC9D0620D0DCF800988A1E /* daTransporter.app */ = {isa = PBXFileReference; explicitFileType = wrapper.application; includeInIndex = 0; path = daTransporter.app; sourceTree = BUILT_PRODUCTS_DIR; };
		FADC9D0920D0DCF800988A1E /* AppDelegate.swift */ = {isa = PBXFileReference; lastKnownFileType = sourcecode.swift; path = AppDelegate.swift; sourceTree = "<group>"; };
		FADC9D0B20D0DCF800988A1E /* ViewController.swift */ = {isa = PBXFileReference; lastKnownFileType = sourcecode.swift; path = ViewController.swift; sourceTree = "<group>"; };
		FADC9D0E20D0DCF800988A1E /* Base */ = {isa = PBXFileReference; lastKnownFileType = file.storyboard; name = Base; path = Base.lproj/Main.storyboard; sourceTree = "<group>"; };
		FADC9D1020D0DCFA00988A1E /* Assets.xcassets */ = {isa = PBXFileReference; lastKnownFileType = folder.assetcatalog; path = Assets.xcassets; sourceTree = "<group>"; };
		FADC9D1320D0DCFA00988A1E /* Base */ = {isa = PBXFileReference; lastKnownFileType = file.storyboard; name = Base; path = Base.lproj/LaunchScreen.storyboard; sourceTree = "<group>"; };
		FADC9D1520D0DCFA00988A1E /* Info.plist */ = {isa = PBXFileReference; lastKnownFileType = text.plist.xml; path = Info.plist; sourceTree = "<group>"; };
/* End PBXFileReference section */

/* Begin PBXFrameworksBuildPhase section */
		FADC9D0320D0DCF800988A1E /* Frameworks */ = {
			isa = PBXFrameworksBuildPhase;
			buildActionMask = 2147483647;
			files = (
			);
			runOnlyForDeploymentPostprocessing = 0;
		};
/* End PBXFrameworksBuildPhase section */

/* Begin PBXGroup section */
		FADC9CFD20D0DCF800988A1E = {
			isa = PBXGroup;
			children = (
				FADC9D0820D0DCF800988A1E /* daTransporter */,
				FADC9D0720D0DCF800988A1E /* Products */,
			);
			sourceTree = "<group>";
		};
		FADC9D0720D0DCF800988A1E /* Products */ = {
			isa = PBXGroup;
			children = (
				FADC9D0620D0DCF800988A1E /* daTransporter.app */,
			);
			name = Products;
			sourceTree = "<group>";
		};
		FADC9D0820D0DCF800988A1E /* daTransporter */ = {
			isa = PBXGroup;
			children = (
				FADC9D0920D0DCF800988A1E /* AppDelegate.swift */,
				FADC9D0B20D0DCF800988A1E /* ViewController.swift */,
				FADC9D0D20D0DCF800988A1E /* Main.storyboard */,
				FADC9D1020D0DCFA00988A1E /* Assets.xcassets */,
				FA45E47820DB6947002A9EE3 /* RoundButton.swift */,
				FADC9D1220D0DCFA00988A1E /* LaunchScreen.storyboard */,
				FADC9D1520D0DCFA00988A1E /* Info.plist */,
			);
			path = daTransporter;
			sourceTree = "<group>";
		};
/* End PBXGroup section */

/* Begin PBXNativeTarget section */
		FADC9D0520D0DCF800988A1E /* daTransporter */ = {
			isa = PBXNativeTarget;
			buildConfigurationList = FADC9D1820D0DCFA00988A1E /* Build configuration list for PBXNativeTarget "daTransporter" */;
			buildPhases = (
				FADC9D0220D0DCF800988A1E /* Sources */,
				FADC9D0320D0DCF800988A1E /* Frameworks */,
				FADC9D0420D0DCF800988A1E /* Resources */,
			);
			buildRules = (
			);
			dependencies = (
			);
			name = daTransporter;
			productName = daTransporter;
			productReference = FADC9D0620D0DCF800988A1E /* daTransporter.app */;
			productType = "com.apple.product-type.application";
		};
/* End PBXNativeTarget section */

/* Begin PBXProject section */
		FADC9CFE20D0DCF800988A1E /* Project object */ = {
			isa = PBXProject;
			attributes = {
				LastSwiftUpdateCheck = 0940;
				LastUpgradeCheck = 0940;
				ORGANIZATIONNAME = MacBook;
				TargetAttributes = {
					FADC9D0520D0DCF800988A1E = {
						CreatedOnToolsVersion = 9.4;
					};
				};
			};
			buildConfigurationList = FADC9D0120D0DCF800988A1E /* Build configuration list for PBXProject "daTransporter" */;
			compatibilityVersion = "Xcode 9.3";
			developmentRegion = en;
			hasScannedForEncodings = 0;
			knownRegions = (
				en,
				Base,
			);
			mainGroup = FADC9CFD20D0DCF800988A1E;
			productRefGroup = FADC9D0720D0DCF800988A1E /* Products */;
			projectDirPath = "";
			projectRoot = "";
			targets = (
				FADC9D0520D0DCF800988A1E /* daTransporter */,
			);
		};
/* End PBXProject section */

/* Begin PBXResourcesBuildPhase section */
		FADC9D0420D0DCF800988A1E /* Resources */ = {
			isa = PBXResourcesBuildPhase;
			buildActionMask = 2147483647;
			files = (
				FADC9D1420D0DCFA00988A1E /* LaunchScreen.storyboard in Resources */,
				FADC9D1120D0DCFA00988A1E /* Assets.xcassets in Resources */,
				FADC9D0F20D0DCF800988A1E /* Main.storyboard in Resources */,
			);
			runOnlyForDeploymentPostprocessing = 0;
		};
/* End PBXResourcesBuildPhase section */

/* Begin PBXSourcesBuildPhase section */
		FADC9D0220D0DCF800988A1E /* Sources */ = {
			isa = PBXSourcesBuildPhase;
			buildActionMask = 2147483647;
			files = (
				FA45E47920DB6947002A9EE3 /* RoundButton.swift in Sources */,
				FADC9D0C20D0DCF800988A1E /* ViewController.swift in Sources */,
				FADC9D0A20D0DCF800988A1E /* AppDelegate.swift in Sources */,
			);
			runOnlyForDeploymentPostprocessing = 0;
		};
/* End PBXSourcesBuildPhase section */

/* Begin PBXVariantGroup section */
		FADC9D0D20D0DCF800988A1E /* Main.storyboard */ = {
			isa = PBXVariantGroup;
			children = (
				FADC9D0E20D0DCF800988A1E /* Base */,
			);
			name = Main.storyboard;
			sourceTree = "<group>";
		};
		FADC9D1220D0DCFA00988A1E /* LaunchScreen.storyboard */ = {
			isa = PBXVariantGroup;
			children = (
				FADC9D1320D0DCFA00988A1E /* Base */,
			);
			name = LaunchScreen.storyboard;
			sourceTree = "<group>";
		};
/* End PBXVariantGroup section */

/* Begin XCBuildConfiguration section */
		FADC9D1620D0DCFA00988A1E /* Debug */ = {
			isa = XCBuildConfiguration;
			buildSettings = {
				ALWAYS_SEARCH_USER_PATHS = NO;
				CLANG_ANALYZER_NONNULL = YES;
				CLANG_ANALYZER_NUMBER_OBJECT_CONVERSION = YES_AGGRESSIVE;
				CLANG_CXX_LANGUAGE_STANDARD = "gnu++14";
				CLANG_CXX_LIBRARY = "libc++";
				CLANG_ENABLE_MODULES = YES;
				CLANG_ENABLE_OBJC_ARC = YES;
				CLANG_ENABLE_OBJC_WEAK = YES;
				CLANG_WARN_BLOCK_CAPTURE_AUTORELEASING = YES;
				CLANG_WARN_BOOL_CONVERSION = YES;
				CLANG_WARN_COMMA = YES;
				CLANG_WARN_CONSTANT_CONVERSION = YES;
				CLANG_WARN_DEPRECATED_OBJC_IMPLEMENTATIONS = YES;
				CLANG_WARN_DIRECT_OBJC_ISA_USAGE = YES_ERROR;
				CLANG_WARN_DOCUMENTATION_COMMENTS = YES;
				CLANG_WARN_EMPTY_BODY = YES;
				CLANG_WARN_ENUM_CONVERSION = YES;
				CLANG_WARN_INFINITE_RECURSION = YES;
				CLANG_WARN_INT_CONVERSION = YES;
				CLANG_WARN_NON_LITERAL_NULL_CONVERSION = YES;
				CLANG_WARN_OBJC_IMPLICIT_RETAIN_SELF = YES;
				CLANG_WARN_OBJC_LITERAL_CONVERSION = YES;
				CLANG_WARN_OBJC_ROOT_CLASS = YES_ERROR;
				CLANG_WARN_RANGE_LOOP_ANALYSIS = YES;
				CLANG_WARN_STRICT_PROTOTYPES = YES;
				CLANG_WARN_SUSPICIOUS_MOVE = YES;
				CLANG_WARN_UNGUARDED_AVAILABILITY = YES_AGGRESSIVE;
				CLANG_WARN_UNREACHABLE_CODE = YES;
				CLANG_WARN__DUPLICATE_METHOD_MATCH = YES;
				CODE_SIGN_IDENTITY = "iPhone Developer";
				COPY_PHASE_STRIP = NO;
				DEBUG_INFORMATION_FORMAT = dwarf;
				ENABLE_STRICT_OBJC_MSGSEND = YES;
				ENABLE_TESTABILITY = YES;
				GCC_C_LANGUAGE_STANDARD = gnu11;
				GCC_DYNAMIC_NO_PIC = NO;
				GCC_NO_COMMON_BLOCKS = YES;
				GCC_OPTIMIZATION_LEVEL = 0;
				GCC_PREPROCESSOR_DEFINITIONS = (
					"DEBUG=1",
					"$(inherited)",
				);
				GCC_WARN_64_TO_32_BIT_CONVERSION = YES;
				GCC_WARN_ABOUT_RETURN_TYPE = YES_ERROR;
				GCC_WARN_UNDECLARED_SELECTOR = YES;
				GCC_WARN_UNINITIALIZED_AUTOS = YES_AGGRESSIVE;
				GCC_WARN_UNUSED_FUNCTION = YES;
				GCC_WARN_UNUSED_VARIABLE = YES;
				IPHONEOS_DEPLOYMENT_TARGET = 11.4;
				MTL_ENABLE_DEBUG_INFO = YES;
				ONLY_ACTIVE_ARCH = YES;
				SDKROOT = iphoneos;
				SWIFT_ACTIVE_COMPILATION_CONDITIONS = DEBUG;
				SWIFT_OPTIMIZATION_LEVEL = "-Onone";
			};
			name = Debug;
		};
		FADC9D1720D0DCFA00988A1E /* Release */ = {
			isa = XCBuildConfiguration;
			buildSettings = {
				ALWAYS_SEARCH_USER_PATHS = NO;
				CLANG_ANALYZER_NONNULL = YES;
				CLANG_ANALYZER_NUMBER_OBJECT_CONVERSION = YES_AGGRESSIVE;
				CLANG_CXX_LANGUAGE_STANDARD = "gnu++14";
				CLANG_CXX_LIBRARY = "libc++";
				CLANG_ENABLE_MODULES = YES;
				CLANG_ENABLE_OBJC_ARC = YES;
				CLANG_ENABLE_OBJC_WEAK = YES;
				CLANG_WARN_BLOCK_CAPTURE_AUTORELEASING = YES;
				CLANG_WARN_BOOL_CONVERSION = YES;
				CLANG_WARN_COMMA = YES;
				CLANG_WARN_CONSTANT_CONVERSION = YES;
				CLANG_WARN_DEPRECATED_OBJC_IMPLEMENTATIONS = YES;
				CLANG_WARN_DIRECT_OBJC_ISA_USAGE = YES_ERROR;
				CLANG_WARN_DOCUMENTATION_COMMENTS = YES;
				CLANG_WARN_EMPTY_BODY = YES;
				CLANG_WARN_ENUM_CONVERSION = YES;
				CLANG_WARN_INFINITE_RECURSION = YES;
				CLANG_WARN_INT_CONVERSION = YES;
				CLANG_WARN_NON_LITERAL_NULL_CONVERSION = YES;
				CLANG_WARN_OBJC_IMPLICIT_RETAIN_SELF = YES;
				CLANG_WARN_OBJC_LITERAL_CONVERSION = YES;
				CLANG_WARN_OBJC_ROOT_CLASS = YES_ERROR;
				CLANG_WARN_RANGE_LOOP_ANALYSIS = YES;
				CLANG_WARN_STRICT_PROTOTYPES = YES;
				CLANG_WARN_SUSPICIOUS_MOVE = YES;
				CLANG_WARN_UNGUARDED_AVAILABILITY = YES_AGGRESSIVE;
				CLANG_WARN_UNREACHABLE_CODE = YES;
				CLANG_WARN__DUPLICATE_METHOD_MATCH = YES;
				CODE_SIGN_IDENTITY = "iPhone Developer";
				COPY_PHASE_STRIP = NO;
				DEBUG_INFORMATION_FORMAT = "dwarf-with-dsym";
				ENABLE_NS_ASSERTIONS = NO;
				ENABLE_STRICT_OBJC_MSGSEND = YES;
				GCC_C_LANGUAGE_STANDARD = gnu11;
				GCC_NO_COMMON_BLOCKS = YES;
				GCC_WARN_64_TO_32_BIT_CONVERSION = YES;
				GCC_WARN_ABOUT_RETURN_TYPE = YES_ERROR;
				GCC_WARN_UNDECLARED_SELECTOR = YES;
				GCC_WARN_UNINITIALIZED_AUTOS = YES_AGGRESSIVE;
				GCC_WARN_UNUSED_FUNCTION = YES;
				GCC_WARN_UNUSED_VARIABLE = YES;
				IPHONEOS_DEPLOYMENT_TARGET = 11.4;
				MTL_ENABLE_DEBUG_INFO = NO;
				SDKROOT = iphoneos;
				SWIFT_COMPILATION_MODE = wholemodule;
				SWIFT_OPTIMIZATION_LEVEL = "-O";
				VALIDATE_PRODUCT = YES;
			};
			name = Release;
		};
		FADC9D1920D0DCFA00988A1E /* Debug */ = {
			isa = XCBuildConfiguration;
			buildSettings = {
				CODE_SIGN_STYLE = Manual;
				DEVELOPMENT_TEAM = "";
				INFOPLIST_FILE = daTransporter/Info.plist;
				LD_RUNPATH_SEARCH_PATHS = (
					"$(inherited)",
					"@executable_path/Frameworks",
				);
				PRODUCT_BUNDLE_IDENTIFIER = com.leo.daTransporter;
				PRODUCT_NAME = "$(TARGET_NAME)";
				PROVISIONING_PROFILE_SPECIFIER = "";
				SWIFT_VERSION = 4.0;
				TARGETED_DEVICE_FAMILY = "1,2";
			};
			name = Debug;
		};
		FADC9D1A20D0DCFA00988A1E /* Release */ = {
			isa = XCBuildConfiguration;
			buildSettings = {
				CODE_SIGN_STYLE = Manual;
				DEVELOPMENT_TEAM = "";
				INFOPLIST_FILE = daTransporter/Info.plist;
				LD_RUNPATH_SEARCH_PATHS = (
					"$(inherited)",
					"@executable_path/Frameworks",
				);
				PRODUCT_BUNDLE_IDENTIFIER = com.leo.daTransporter;
				PRODUCT_NAME = "$(TARGET_NAME)";
				PROVISIONING_PROFILE_SPECIFIER = "";
				SWIFT_VERSION = 4.0;
				TARGETED_DEVICE_FAMILY = "1,2";
			};
			name = Release;
		};
/* End XCBuildConfiguration section */

/* Begin XCConfigurationList section */
		FADC9D0120D0DCF800988A1E /* Build configuration list for PBXProject "daTransporter" */ = {
			isa = XCConfigurationList;
			buildConfigurations = (
				FADC9D1620D0DCFA00988A1E /* Debug */,
				FADC9D1720D0DCFA00988A1E /* Release */,
			);
			defaultConfigurationIsVisible = 0;
			defaultConfigurationName = Release;
		};
		FADC9D1820D0DCFA00988A1E /* Build configuration list for PBXNativeTarget "daTransporter" */ = {
			isa = XCConfigurationList;
			buildConfigurations = (
				FADC9D1920D0DCFA00988A1E /* Debug */,
				FADC9D1A20D0DCFA00988A1E /* Release */,
			);
			defaultConfigurationIsVisible = 0;
			defaultConfigurationName = Release;
		};
/* End XCConfigurationList section */
	};
	rootObject = FADC9CFE20D0DCF800988A1E /* Project object */;
}
